
Microsoft Visual Studio Solution File, Format Version 12.00
# Visual Studio Version 16
VisualStudioVersion = 16.0.28711.60
MinimumVisualStudioVersion = 10.0.40219.1
Project("{9A19103F-16F7-4668-BE54-9A1E7A4F7556}") = "AspNetCoreTodo", "AspNetCoreTodo\AspNetCoreTodo.csproj", "{9F55667B-1389-4AB1-953D-405D69F8EC22}"
EndProject
Project("{9A19103F-16F7-4668-BE54-9A1E7A4F7556}") = "AspNetCoreTodo.IntegrationTests", "AspNetCoreTodo.IntegrationTests\AspNetCoreTodo.IntegrationTests.csproj", "{D1A9EDB6-F057-4FF9-A2B1-B23A792D3C86}"
EndProject
Project("{9A19103F-16F7-4668-BE54-9A1E7A4F7556}") = "AspNetCoreTodo.UnitTests", "AspNetCoreTodo.UnitTests\AspNetCoreTodo.UnitTests.csproj", "{ECA5F3BD-EB01-4837-BFE5-EDC954B65190}"
EndProject
Project("{FAE04EC0-301F-11D3-BF4B-00C04F79EFBC}") = "AspNetCoreAngular", "AspNetCoreAngular\AspNetCoreAngular.csproj", "{2B55CD83-FC65-4F11-918F-9D56407B1A4E}"
EndProject
Global
	GlobalSection(SolutionConfigurationPlatforms) = preSolution
		Debug|Any CPU = Debug|Any CPU
		Release|Any CPU = Release|Any CPU
	EndGlobalSection
	GlobalSection(ProjectConfigurationPlatforms) = postSolution
		{9F55667B-1389-4AB1-953D-405D69F8EC22}.Debug|Any CPU.ActiveCfg = Debug|Any CPU
		{9F55667B-1389-4AB1-953D-405D69F8EC22}.Debug|Any CPU.Build.0 = Debug|Any CPU
		{9F55667B-1389-4AB1-953D-405D69F8EC22}.Release|Any CPU.ActiveCfg = Release|Any CPU
		{9F55667B-1389-4AB1-953D-405D69F8EC22}.Release|Any CPU.Build.0 = Release|Any CPU
		{D1A9EDB6-F057-4FF9-A2B1-B23A792D3C86}.Debug|Any CPU.ActiveCfg = Debug|Any CPU
		{D1A9EDB6-F057-4FF9-A2B1-B23A792D3C86}.Debug|Any CPU.Build.0 = Debug|Any CPU
		{D1A9EDB6-F057-4FF9-A2B1-B23A792D3C86}.Release|Any CPU.ActiveCfg = Release|Any CPU
		{D1A9EDB6-F057-4FF9-A2B1-B23A792D3C86}.Release|Any CPU.Build.0 = Release|Any CPU
		{ECA5F3BD-EB01-4837-BFE5-EDC954B65190}.Debug|Any CPU.ActiveCfg = Debug|Any CPU
		{ECA5F3BD-EB01-4837-BFE5-EDC954B65190}.Debug|Any CPU.Build.0 = Debug|Any CPU
		{ECA5F3BD-EB01-4837-BFE5-EDC954B65190}.Release|Any CPU.ActiveCfg = Release|Any CPU
		{ECA5F3BD-EB01-4837-BFE5-EDC954B65190}.Release|Any CPU.Build.0 = Release|Any CPU
		{2B55CD83-FC65-4F11-918F-9D56407B1A4E}.Debug|Any CPU.ActiveCfg = Debug|Any CPU
		{2B55CD83-FC65-4F11-918F-9D56407B1A4E}.Debug|Any CPU.Build.0 = Debug|Any CPU
		{2B55CD83-FC65-4F11-918F-9D56407B1A4E}.Release|Any CPU.ActiveCfg = Release|Any CPU
		{2B55CD83-FC65-4F11-918F-9D56407B1A4E}.Release|Any CPU.Build.0 = Release|Any CPU
	EndGlobalSection
	GlobalSection(SolutionProperties) = preSolution
		HideSolutionNode = FALSE
	EndGlobalSection
	GlobalSection(ExtensibilityGlobals) = postSolution
		SolutionGuid = {6F841DFC-84EA-450E-988D-3B1456372061}
	EndGlobalSection
EndGlobal
